
Microsoft Visual Studio Solution File, Format Version 12.00
# Visual Studio 15
Project("{FAE04EC0-301F-11D3-BF4B-00C04F79EFBC}") = "Assembly-CSharp", "Assembly-CSharp.csproj", "{E59222BE-9D48-6F04-1FE2-E349371D1540}"
EndProject
Project("{FAE04EC0-301F-11D3-BF4B-00C04F79EFBC}") = "PhotonChat", "PhotonChat.csproj", "{AA9B577A-0114-6690-FC3C-A1131F842D47}"
EndProject
Project("{FAE04EC0-301F-11D3-BF4B-00C04F79EFBC}") = "PhotonUnityNetworking.Demos", "PhotonUnityNetworking.Demos.csproj", "{484A4717-1C2B-7BA5-8976-AE0CCC92428C}"
EndProject
Project("{FAE04EC0-301F-11D3-BF4B-00C04F79EFBC}") = "Assembly-CSharp-Editor", "Assembly-CSharp-Editor.csproj", "{D540D840-8831-6FE7-3E03-D21E7B250AFB}"
EndProject
Project("{FAE04EC0-301F-11D3-BF4B-00C04F79EFBC}") = "PhotonRealtime", "PhotonRealtime.csproj", "{C5C64DB3-BC06-5593-39CD-7E3CA77563D8}"
EndProject
Project("{FAE04EC0-301F-11D3-BF4B-00C04F79EFBC}") = "PhotonUnityNetworking.Editor", "PhotonUnityNetworking.Editor.csproj", "{0589D957-9ACB-789B-6A21-D01343AF3D51}"
EndProject
Project("{FAE04EC0-301F-11D3-BF4B-00C04F79EFBC}") = "PhotonUnityNetworking", "PhotonUnityNetworking.csproj", "{57C5D320-BB89-AE34-EDAA-F4865B216D7C}"
EndProject
Project("{FAE04EC0-301F-11D3-BF4B-00C04F79EFBC}") = "PhotonUnityNetworking.Utilities.PhotonPlayer.Editor", "PhotonUnityNetworking.Utilities.PhotonPlayer.Editor.csproj", "{5A2BB395-49B4-90AD-955C-3E13A4D68284}"
EndProject
Project("{FAE04EC0-301F-11D3-BF4B-00C04F79EFBC}") = "PhotonUnityNetworking.Utilities", "PhotonUnityNetworking.Utilities.csproj", "{DDE1F1FE-019A-7057-7CBE-4E8EAD7EED39}"
EndProject
Project("{FAE04EC0-301F-11D3-BF4B-00C04F79EFBC}") = "PunDemos.DemoSlotcarEditor", "PunDemos.DemoSlotcarEditor.csproj", "{D30B5F65-287C-A2E7-EAC4-D8744EDD6D79}"
EndProject
Project("{FAE04EC0-301F-11D3-BF4B-00C04F79EFBC}") = "PhotonUnityNetworking.Utilities.Culling.Editor", "PhotonUnityNetworking.Utilities.Culling.Editor.csproj", "{AF7ECEED-BB3D-F35F-4064-DF5E71F30924}"
EndProject
Project("{FAE04EC0-301F-11D3-BF4B-00C04F79EFBC}") = "PunDemos.DemoHubEditor", "PunDemos.DemoHubEditor.csproj", "{77762ABB-0BE0-0608-F88E-6C7DB2C6BA10}"
EndProject
Global
	GlobalSection(SolutionConfigurationPlatforms) = preSolution
		Debug|Any CPU = Debug|Any CPU
		Release|Any CPU = Release|Any CPU
	EndGlobalSection
	GlobalSection(ProjectConfigurationPlatforms) = postSolution
		{E59222BE-9D48-6F04-1FE2-E349371D1540}.Debug|Any CPU.ActiveCfg = Debug|Any CPU
		{E59222BE-9D48-6F04-1FE2-E349371D1540}.Debug|Any CPU.Build.0 = Debug|Any CPU
		{E59222BE-9D48-6F04-1FE2-E349371D1540}.Release|Any CPU.ActiveCfg = Release|Any CPU
		{E59222BE-9D48-6F04-1FE2-E349371D1540}.Release|Any CPU.Build.0 = Release|Any CPU
		{AA9B577A-0114-6690-FC3C-A1131F842D47}.Debug|Any CPU.ActiveCfg = Debug|Any CPU
		{AA9B577A-0114-6690-FC3C-A1131F842D47}.Debug|Any CPU.Build.0 = Debug|Any CPU
		{AA9B577A-0114-6690-FC3C-A1131F842D47}.Release|Any CPU.ActiveCfg = Release|Any CPU
		{AA9B577A-0114-6690-FC3C-A1131F842D47}.Release|Any CPU.Build.0 = Release|Any CPU
		{484A4717-1C2B-7BA5-8976-AE0CCC92428C}.Debug|Any CPU.ActiveCfg = Debug|Any CPU
		{484A4717-1C2B-7BA5-8976-AE0CCC92428C}.Debug|Any CPU.Build.0 = Debug|Any CPU
		{484A4717-1C2B-7BA5-8976-AE0CCC92428C}.Release|Any CPU.ActiveCfg = Release|Any CPU
		{484A4717-1C2B-7BA5-8976-AE0CCC92428C}.Release|Any CPU.Build.0 = Release|Any CPU
		{D540D840-8831-6FE7-3E03-D21E7B250AFB}.Debug|Any CPU.ActiveCfg = Debug|Any CPU
		{D540D840-8831-6FE7-3E03-D21E7B250AFB}.Debug|Any CPU.Build.0 = Debug|Any CPU
		{D540D840-8831-6FE7-3E03-D21E7B250AFB}.Release|Any CPU.ActiveCfg = Release|Any CPU
		{D540D840-8831-6FE7-3E03-D21E7B250AFB}.Release|Any CPU.Build.0 = Release|Any CPU
		{C5C64DB3-BC06-5593-39CD-7E3CA77563D8}.Debug|Any CPU.ActiveCfg = Debug|Any CPU
		{C5C64DB3-BC06-5593-39CD-7E3CA77563D8}.Debug|Any CPU.Build.0 = Debug|Any CPU
		{C5C64DB3-BC06-5593-39CD-7E3CA77563D8}.Release|Any CPU.ActiveCfg = Release|Any CPU
		{C5C64DB3-BC06-5593-39CD-7E3CA77563D8}.Release|Any CPU.Build.0 = Release|Any CPU
		{0589D957-9ACB-789B-6A21-D01343AF3D51}.Debug|Any CPU.ActiveCfg = Debug|Any CPU
		{0589D957-9ACB-789B-6A21-D01343AF3D51}.Debug|Any CPU.Build.0 = Debug|Any CPU
		{0589D957-9ACB-789B-6A21-D01343AF3D51}.Release|Any CPU.ActiveCfg = Release|Any CPU
		{0589D957-9ACB-789B-6A21-D01343AF3D51}.Release|Any CPU.Build.0 = Release|Any CPU
		{57C5D320-BB89-AE34-EDAA-F4865B216D7C}.Debug|Any CPU.ActiveCfg = Debug|Any CPU
		{57C5D320-BB89-AE34-EDAA-F4865B216D7C}.Debug|Any CPU.Build.0 = Debug|Any CPU
		{57C5D320-BB89-AE34-EDAA-F4865B216D7C}.Release|Any CPU.ActiveCfg = Release|Any CPU
		{57C5D320-BB89-AE34-EDAA-F4865B216D7C}.Release|Any CPU.Build.0 = Release|Any CPU
		{5A2BB395-49B4-90AD-955C-3E13A4D68284}.Debug|Any CPU.ActiveCfg = Debug|Any CPU
		{5A2BB395-49B4-90AD-955C-3E13A4D68284}.Debug|Any CPU.Build.0 = Debug|Any CPU
		{5A2BB395-49B4-90AD-955C-3E13A4D68284}.Release|Any CPU.ActiveCfg = Release|Any CPU
		{5A2BB395-49B4-90AD-955C-3E13A4D68284}.Release|Any CPU.Build.0 = Release|Any CPU
		{DDE1F1FE-019A-7057-7CBE-4E8EAD7EED39}.Debug|Any CPU.ActiveCfg = Debug|Any CPU
		{DDE1F1FE-019A-7057-7CBE-4E8EAD7EED39}.Debug|Any CPU.Build.0 = Debug|Any CPU
		{DDE1F1FE-019A-7057-7CBE-4E8EAD7EED39}.Release|Any CPU.ActiveCfg = Release|Any CPU
		{DDE1F1FE-019A-7057-7CBE-4E8EAD7EED39}.Release|Any CPU.Build.0 = Release|Any CPU
		{D30B5F65-287C-A2E7-EAC4-D8744EDD6D79}.Debug|Any CPU.ActiveCfg = Debug|Any CPU
		{D30B5F65-287C-A2E7-EAC4-D8744EDD6D79}.Debug|Any CPU.Build.0 = Debug|Any CPU
		{D30B5F65-287C-A2E7-EAC4-D8744EDD6D79}.Release|Any CPU.ActiveCfg = Release|Any CPU
		{D30B5F65-287C-A2E7-EAC4-D8744EDD6D79}.Release|Any CPU.Build.0 = Release|Any CPU
		{AF7ECEED-BB3D-F35F-4064-DF5E71F30924}.Debug|Any CPU.ActiveCfg = Debug|Any CPU
		{AF7ECEED-BB3D-F35F-4064-DF5E71F30924}.Debug|Any CPU.Build.0 = Debug|Any CPU
		{AF7ECEED-BB3D-F35F-4064-DF5E71F30924}.Release|Any CPU.ActiveCfg = Release|Any CPU
		{AF7ECEED-BB3D-F35F-4064-DF5E71F30924}.Release|Any CPU.Build.0 = Release|Any CPU
		{77762ABB-0BE0-0608-F88E-6C7DB2C6BA10}.Debug|Any CPU.ActiveCfg = Debug|Any CPU
		{77762ABB-0BE0-0608-F88E-6C7DB2C6BA10}.Debug|Any CPU.Build.0 = Debug|Any CPU
		{77762ABB-0BE0-0608-F88E-6C7DB2C6BA10}.Release|Any CPU.ActiveCfg = Release|Any CPU
		{77762ABB-0BE0-0608-F88E-6C7DB2C6BA10}.Release|Any CPU.Build.0 = Release|Any CPU
	EndGlobalSection
	GlobalSection(SolutionProperties) = preSolution
		HideSolutionNode = FALSE
	EndGlobalSection
EndGlobal
